
Microsoft Visual Studio Solution File, Format Version 12.00
# Visual Studio Version 16
VisualStudioVersion = 16.0.33423.256
MinimumVisualStudioVersion = 10.0.40219.1
Project("{8BC9CEB8-8B4A-11D0-8D11-00A0C91BC942}") = "00_SettingD3D11", "00_SettingD3D11\00_SettingD3D11.vcxproj", "{061568AD-BB63-4EA1-9259-B1DEC82CA143}"
EndProject
Global
	GlobalSection(SolutionConfigurationPlatforms) = preSolution
		Debug|x64 = Debug|x64
		Debug|x86 = Debug|x86
		Release|x64 = Release|x64
		Release|x86 = Release|x86
	EndGlobalSection
	GlobalSection(ProjectConfigurationPlatforms) = postSolution
		{061568AD-BB63-4EA1-9259-B1DEC82CA143}.Debug|x64.ActiveCfg = Debug|x64
		{061568AD-BB63-4EA1-9259-B1DEC82CA143}.Debug|x64.Build.0 = Debug|x64
		{061568AD-BB63-4EA1-9259-B1DEC82CA143}.Debug|x86.ActiveCfg = Debug|Win32
		{061568AD-BB63-4EA1-9259-B1DEC82CA143}.Debug|x86.Build.0 = Debug|Win32
		{061568AD-BB63-4EA1-9259-B1DEC82CA143}.Release|x64.ActiveCfg = Release|x64
		{061568AD-BB63-4EA1-9259-B1DEC82CA143}.Release|x64.Build.0 = Release|x64
		{061568AD-BB63-4EA1-9259-B1DEC82CA143}.Release|x86.ActiveCfg = Release|Win32
		{061568AD-BB63-4EA1-9259-B1DEC82CA143}.Release|x86.Build.0 = Release|Win32
	EndGlobalSection
	GlobalSection(SolutionProperties) = preSolution
		HideSolutionNode = FALSE
	EndGlobalSection
	GlobalSection(ExtensibilityGlobals) = postSolution
		SolutionGuid = {AF583E34-818C-4168-83ED-890A0D2EFA33}
	EndGlobalSection
EndGlobal
