
Microsoft Visual Studio Solution File, Format Version 12.00
# Visual Studio Version 17
VisualStudioVersion = 17.6.33829.357
MinimumVisualStudioVersion = 10.0.40219.1
Project("{8BC9CEB8-8B4A-11D0-8D11-00A0C91BC942}") = "Common", "Common\Common.vcxproj", "{4CA8DF6A-4F5D-4F44-A590-43D541AD684E}"
EndProject
Project("{8BC9CEB8-8B4A-11D0-8D11-00A0C91BC942}") = "01_Basics", "01_Basics\01_Basics.vcxproj", "{AA47BF78-0B3F-4F51-9C7F-98BB2CE899BF}"
EndProject
Project("{8BC9CEB8-8B4A-11D0-8D11-00A0C91BC942}") = "02_RenderingTriangle", "02_RenderingTriangle\02_RenderingTriangle.vcxproj", "{82ABE0A9-AD8D-447B-B255-B50EE795513E}"
EndProject
Project("{8BC9CEB8-8B4A-11D0-8D11-00A0C91BC942}") = "05_TransformAnimation", "05_TransformAnimation\05_TransformAnimation.vcxproj", "{ED5A87FE-4657-46F5-A5AC-33D212C9BF93}"
EndProject
Project("{8BC9CEB8-8B4A-11D0-8D11-00A0C91BC942}") = "03_PixelShader", "03_PixelShader\03_PixelShader.vcxproj", "{A8CDFD7E-AAAF-4923-9A05-5C7E6D028415}"
EndProject
Project("{8BC9CEB8-8B4A-11D0-8D11-00A0C91BC942}") = "06_Lighting", "06_Lighting\06_Lighting.vcxproj", "{8B4CFBB0-B33E-4D81-AAFA-783B917BC7F0}"
EndProject
Project("{8BC9CEB8-8B4A-11D0-8D11-00A0C91BC942}") = "07_TextureMapping", "07_TextureMapping\07_TextureMapping.vcxproj", "{C55B44D1-22FD-41DB-A010-EFE7177BB162}"
EndProject
Project("{8BC9CEB8-8B4A-11D0-8D11-00A0C91BC942}") = "04_0_IndexBuffer", "04_0_IndexBuffer\04_0_IndexBuffer.vcxproj", "{71EDE478-86D6-4C4E-9549-76ED17B98E5F}"
EndProject
Project("{8BC9CEB8-8B4A-11D0-8D11-00A0C91BC942}") = "04_1_VertexShader", "04_1_VertexShader\04_1_VertexShader.vcxproj", "{32F1643F-9C29-4A7A-91E1-3B16D2CA7069}"
EndProject
Global
	GlobalSection(SolutionConfigurationPlatforms) = preSolution
		Debug|x64 = Debug|x64
		Debug|x86 = Debug|x86
		Release|x64 = Release|x64
		Release|x86 = Release|x86
	EndGlobalSection
	GlobalSection(ProjectConfigurationPlatforms) = postSolution
		{4CA8DF6A-4F5D-4F44-A590-43D541AD684E}.Debug|x64.ActiveCfg = Debug|x64
		{4CA8DF6A-4F5D-4F44-A590-43D541AD684E}.Debug|x64.Build.0 = Debug|x64
		{4CA8DF6A-4F5D-4F44-A590-43D541AD684E}.Debug|x86.ActiveCfg = Debug|Win32
		{4CA8DF6A-4F5D-4F44-A590-43D541AD684E}.Debug|x86.Build.0 = Debug|Win32
		{4CA8DF6A-4F5D-4F44-A590-43D541AD684E}.Release|x64.ActiveCfg = Release|x64
		{4CA8DF6A-4F5D-4F44-A590-43D541AD684E}.Release|x64.Build.0 = Release|x64
		{4CA8DF6A-4F5D-4F44-A590-43D541AD684E}.Release|x86.ActiveCfg = Release|Win32
		{4CA8DF6A-4F5D-4F44-A590-43D541AD684E}.Release|x86.Build.0 = Release|Win32
		{AA47BF78-0B3F-4F51-9C7F-98BB2CE899BF}.Debug|x64.ActiveCfg = Debug|x64
		{AA47BF78-0B3F-4F51-9C7F-98BB2CE899BF}.Debug|x64.Build.0 = Debug|x64
		{AA47BF78-0B3F-4F51-9C7F-98BB2CE899BF}.Debug|x86.ActiveCfg = Debug|Win32
		{AA47BF78-0B3F-4F51-9C7F-98BB2CE899BF}.Debug|x86.Build.0 = Debug|Win32
		{AA47BF78-0B3F-4F51-9C7F-98BB2CE899BF}.Release|x64.ActiveCfg = Release|x64
		{AA47BF78-0B3F-4F51-9C7F-98BB2CE899BF}.Release|x64.Build.0 = Release|x64
		{AA47BF78-0B3F-4F51-9C7F-98BB2CE899BF}.Release|x86.ActiveCfg = Release|Win32
		{AA47BF78-0B3F-4F51-9C7F-98BB2CE899BF}.Release|x86.Build.0 = Release|Win32
		{82ABE0A9-AD8D-447B-B255-B50EE795513E}.Debug|x64.ActiveCfg = Debug|x64
		{82ABE0A9-AD8D-447B-B255-B50EE795513E}.Debug|x64.Build.0 = Debug|x64
		{82ABE0A9-AD8D-447B-B255-B50EE795513E}.Debug|x86.ActiveCfg = Debug|Win32
		{82ABE0A9-AD8D-447B-B255-B50EE795513E}.Debug|x86.Build.0 = Debug|Win32
		{82ABE0A9-AD8D-447B-B255-B50EE795513E}.Release|x64.ActiveCfg = Release|x64
		{82ABE0A9-AD8D-447B-B255-B50EE795513E}.Release|x64.Build.0 = Release|x64
		{82ABE0A9-AD8D-447B-B255-B50EE795513E}.Release|x86.ActiveCfg = Release|Win32
		{82ABE0A9-AD8D-447B-B255-B50EE795513E}.Release|x86.Build.0 = Release|Win32
		{ED5A87FE-4657-46F5-A5AC-33D212C9BF93}.Debug|x64.ActiveCfg = Debug|x64
		{ED5A87FE-4657-46F5-A5AC-33D212C9BF93}.Debug|x64.Build.0 = Debug|x64
		{ED5A87FE-4657-46F5-A5AC-33D212C9BF93}.Debug|x86.ActiveCfg = Debug|Win32
		{ED5A87FE-4657-46F5-A5AC-33D212C9BF93}.Debug|x86.Build.0 = Debug|Win32
		{ED5A87FE-4657-46F5-A5AC-33D212C9BF93}.Release|x64.ActiveCfg = Release|x64
		{ED5A87FE-4657-46F5-A5AC-33D212C9BF93}.Release|x64.Build.0 = Release|x64
		{ED5A87FE-4657-46F5-A5AC-33D212C9BF93}.Release|x86.ActiveCfg = Release|Win32
		{ED5A87FE-4657-46F5-A5AC-33D212C9BF93}.Release|x86.Build.0 = Release|Win32
		{A8CDFD7E-AAAF-4923-9A05-5C7E6D028415}.Debug|x64.ActiveCfg = Debug|x64
		{A8CDFD7E-AAAF-4923-9A05-5C7E6D028415}.Debug|x64.Build.0 = Debug|x64
		{A8CDFD7E-AAAF-4923-9A05-5C7E6D028415}.Debug|x86.ActiveCfg = Debug|Win32
		{A8CDFD7E-AAAF-4923-9A05-5C7E6D028415}.Debug|x86.Build.0 = Debug|Win32
		{A8CDFD7E-AAAF-4923-9A05-5C7E6D028415}.Release|x64.ActiveCfg = Release|x64
		{A8CDFD7E-AAAF-4923-9A05-5C7E6D028415}.Release|x64.Build.0 = Release|x64
		{A8CDFD7E-AAAF-4923-9A05-5C7E6D028415}.Release|x86.ActiveCfg = Release|Win32
		{A8CDFD7E-AAAF-4923-9A05-5C7E6D028415}.Release|x86.Build.0 = Release|Win32
		{8B4CFBB0-B33E-4D81-AAFA-783B917BC7F0}.Debug|x64.ActiveCfg = Debug|x64
		{8B4CFBB0-B33E-4D81-AAFA-783B917BC7F0}.Debug|x64.Build.0 = Debug|x64
		{8B4CFBB0-B33E-4D81-AAFA-783B917BC7F0}.Debug|x86.ActiveCfg = Debug|Win32
		{8B4CFBB0-B33E-4D81-AAFA-783B917BC7F0}.Debug|x86.Build.0 = Debug|Win32
		{8B4CFBB0-B33E-4D81-AAFA-783B917BC7F0}.Release|x64.ActiveCfg = Release|x64
		{8B4CFBB0-B33E-4D81-AAFA-783B917BC7F0}.Release|x64.Build.0 = Release|x64
		{8B4CFBB0-B33E-4D81-AAFA-783B917BC7F0}.Release|x86.ActiveCfg = Release|Win32
		{8B4CFBB0-B33E-4D81-AAFA-783B917BC7F0}.Release|x86.Build.0 = Release|Win32
		{C55B44D1-22FD-41DB-A010-EFE7177BB162}.Debug|x64.ActiveCfg = Debug|x64
		{C55B44D1-22FD-41DB-A010-EFE7177BB162}.Debug|x64.Build.0 = Debug|x64
		{C55B44D1-22FD-41DB-A010-EFE7177BB162}.Debug|x86.ActiveCfg = Debug|Win32
		{C55B44D1-22FD-41DB-A010-EFE7177BB162}.Debug|x86.Build.0 = Debug|Win32
		{C55B44D1-22FD-41DB-A010-EFE7177BB162}.Release|x64.ActiveCfg = Release|x64
		{C55B44D1-22FD-41DB-A010-EFE7177BB162}.Release|x64.Build.0 = Release|x64
		{C55B44D1-22FD-41DB-A010-EFE7177BB162}.Release|x86.ActiveCfg = Release|Win32
		{C55B44D1-22FD-41DB-A010-EFE7177BB162}.Release|x86.Build.0 = Release|Win32
		{71EDE478-86D6-4C4E-9549-76ED17B98E5F}.Debug|x64.ActiveCfg = Debug|x64
		{71EDE478-86D6-4C4E-9549-76ED17B98E5F}.Debug|x64.Build.0 = Debug|x64
		{71EDE478-86D6-4C4E-9549-76ED17B98E5F}.Debug|x86.ActiveCfg = Debug|Win32
		{71EDE478-86D6-4C4E-9549-76ED17B98E5F}.Debug|x86.Build.0 = Debug|Win32
		{71EDE478-86D6-4C4E-9549-76ED17B98E5F}.Release|x64.ActiveCfg = Release|x64
		{71EDE478-86D6-4C4E-9549-76ED17B98E5F}.Release|x64.Build.0 = Release|x64
		{71EDE478-86D6-4C4E-9549-76ED17B98E5F}.Release|x86.ActiveCfg = Release|Win32
		{71EDE478-86D6-4C4E-9549-76ED17B98E5F}.Release|x86.Build.0 = Release|Win32
		{32F1643F-9C29-4A7A-91E1-3B16D2CA7069}.Debug|x64.ActiveCfg = Debug|x64
		{32F1643F-9C29-4A7A-91E1-3B16D2CA7069}.Debug|x64.Build.0 = Debug|x64
		{32F1643F-9C29-4A7A-91E1-3B16D2CA7069}.Debug|x86.ActiveCfg = Debug|Win32
		{32F1643F-9C29-4A7A-91E1-3B16D2CA7069}.Debug|x86.Build.0 = Debug|Win32
		{32F1643F-9C29-4A7A-91E1-3B16D2CA7069}.Release|x64.ActiveCfg = Release|x64
		{32F1643F-9C29-4A7A-91E1-3B16D2CA7069}.Release|x64.Build.0 = Release|x64
		{32F1643F-9C29-4A7A-91E1-3B16D2CA7069}.Release|x86.ActiveCfg = Release|Win32
		{32F1643F-9C29-4A7A-91E1-3B16D2CA7069}.Release|x86.Build.0 = Release|Win32
	EndGlobalSection
	GlobalSection(SolutionProperties) = preSolution
		HideSolutionNode = FALSE
	EndGlobalSection
	GlobalSection(ExtensibilityGlobals) = postSolution
		SolutionGuid = {AF583E34-818C-4168-83ED-890A0D2EFA33}
	EndGlobalSection
EndGlobal
