
Microsoft Visual Studio Solution File, Format Version 12.00
# Visual Studio Version 17
VisualStudioVersion = 17.6.33829.357
MinimumVisualStudioVersion = 10.0.40219.1
Project("{8BC9CEB8-8B4A-11D0-8D11-00A0C91BC942}") = "01_imgui", "01_imgui\01_imgui.vcxproj", "{D43EDAE9-A64B-4B8D-B451-CD38B7A6339E}"
EndProject
Project("{8BC9CEB8-8B4A-11D0-8D11-00A0C91BC942}") = "Framework", "Framework\Framework.vcxproj", "{CEEEA13F-896A-4B01-A0C0-FFCB4C6D3409}"
EndProject
Project("{8BC9CEB8-8B4A-11D0-8D11-00A0C91BC942}") = "00_ClearScreen", "00_ClearScreen\00_ClearScreen.vcxproj", "{8DDD6570-E8C5-4E3D-89B4-5F527D4B1CA5}"
EndProject
Project("{8BC9CEB8-8B4A-11D0-8D11-00A0C91BC942}") = "02_Draw", "02_Draw\02_Draw.vcxproj", "{8CE5CD85-4234-497B-A084-F9EC9114D0CE}"
EndProject
Project("{8BC9CEB8-8B4A-11D0-8D11-00A0C91BC942}") = "Common", "Common\Common.vcxproj", "{4CA8DF6A-4F5D-4F44-A590-43D541AD684E}"
EndProject
Global
	GlobalSection(SolutionConfigurationPlatforms) = preSolution
		Debug|x64 = Debug|x64
		Debug|x86 = Debug|x86
		Release|x64 = Release|x64
		Release|x86 = Release|x86
	EndGlobalSection
	GlobalSection(ProjectConfigurationPlatforms) = postSolution
		{D43EDAE9-A64B-4B8D-B451-CD38B7A6339E}.Debug|x64.ActiveCfg = Debug|x64
		{D43EDAE9-A64B-4B8D-B451-CD38B7A6339E}.Debug|x64.Build.0 = Debug|x64
		{D43EDAE9-A64B-4B8D-B451-CD38B7A6339E}.Debug|x86.ActiveCfg = Debug|Win32
		{D43EDAE9-A64B-4B8D-B451-CD38B7A6339E}.Debug|x86.Build.0 = Debug|Win32
		{D43EDAE9-A64B-4B8D-B451-CD38B7A6339E}.Release|x64.ActiveCfg = Release|x64
		{D43EDAE9-A64B-4B8D-B451-CD38B7A6339E}.Release|x64.Build.0 = Release|x64
		{D43EDAE9-A64B-4B8D-B451-CD38B7A6339E}.Release|x86.ActiveCfg = Release|Win32
		{D43EDAE9-A64B-4B8D-B451-CD38B7A6339E}.Release|x86.Build.0 = Release|Win32
		{CEEEA13F-896A-4B01-A0C0-FFCB4C6D3409}.Debug|x64.ActiveCfg = Debug|x64
		{CEEEA13F-896A-4B01-A0C0-FFCB4C6D3409}.Debug|x64.Build.0 = Debug|x64
		{CEEEA13F-896A-4B01-A0C0-FFCB4C6D3409}.Debug|x86.ActiveCfg = Debug|Win32
		{CEEEA13F-896A-4B01-A0C0-FFCB4C6D3409}.Debug|x86.Build.0 = Debug|Win32
		{CEEEA13F-896A-4B01-A0C0-FFCB4C6D3409}.Release|x64.ActiveCfg = Release|x64
		{CEEEA13F-896A-4B01-A0C0-FFCB4C6D3409}.Release|x64.Build.0 = Release|x64
		{CEEEA13F-896A-4B01-A0C0-FFCB4C6D3409}.Release|x86.ActiveCfg = Release|Win32
		{CEEEA13F-896A-4B01-A0C0-FFCB4C6D3409}.Release|x86.Build.0 = Release|Win32
		{8DDD6570-E8C5-4E3D-89B4-5F527D4B1CA5}.Debug|x64.ActiveCfg = Debug|x64
		{8DDD6570-E8C5-4E3D-89B4-5F527D4B1CA5}.Debug|x64.Build.0 = Debug|x64
		{8DDD6570-E8C5-4E3D-89B4-5F527D4B1CA5}.Debug|x86.ActiveCfg = Debug|Win32
		{8DDD6570-E8C5-4E3D-89B4-5F527D4B1CA5}.Debug|x86.Build.0 = Debug|Win32
		{8DDD6570-E8C5-4E3D-89B4-5F527D4B1CA5}.Release|x64.ActiveCfg = Release|x64
		{8DDD6570-E8C5-4E3D-89B4-5F527D4B1CA5}.Release|x64.Build.0 = Release|x64
		{8DDD6570-E8C5-4E3D-89B4-5F527D4B1CA5}.Release|x86.ActiveCfg = Release|Win32
		{8DDD6570-E8C5-4E3D-89B4-5F527D4B1CA5}.Release|x86.Build.0 = Release|Win32
		{8CE5CD85-4234-497B-A084-F9EC9114D0CE}.Debug|x64.ActiveCfg = Debug|x64
		{8CE5CD85-4234-497B-A084-F9EC9114D0CE}.Debug|x64.Build.0 = Debug|x64
		{8CE5CD85-4234-497B-A084-F9EC9114D0CE}.Debug|x86.ActiveCfg = Debug|Win32
		{8CE5CD85-4234-497B-A084-F9EC9114D0CE}.Debug|x86.Build.0 = Debug|Win32
		{8CE5CD85-4234-497B-A084-F9EC9114D0CE}.Release|x64.ActiveCfg = Release|x64
		{8CE5CD85-4234-497B-A084-F9EC9114D0CE}.Release|x64.Build.0 = Release|x64
		{8CE5CD85-4234-497B-A084-F9EC9114D0CE}.Release|x86.ActiveCfg = Release|Win32
		{8CE5CD85-4234-497B-A084-F9EC9114D0CE}.Release|x86.Build.0 = Release|Win32
		{4CA8DF6A-4F5D-4F44-A590-43D541AD684E}.Debug|x64.ActiveCfg = Debug|x64
		{4CA8DF6A-4F5D-4F44-A590-43D541AD684E}.Debug|x64.Build.0 = Debug|x64
		{4CA8DF6A-4F5D-4F44-A590-43D541AD684E}.Debug|x86.ActiveCfg = Debug|Win32
		{4CA8DF6A-4F5D-4F44-A590-43D541AD684E}.Debug|x86.Build.0 = Debug|Win32
		{4CA8DF6A-4F5D-4F44-A590-43D541AD684E}.Release|x64.ActiveCfg = Release|x64
		{4CA8DF6A-4F5D-4F44-A590-43D541AD684E}.Release|x64.Build.0 = Release|x64
		{4CA8DF6A-4F5D-4F44-A590-43D541AD684E}.Release|x86.ActiveCfg = Release|Win32
		{4CA8DF6A-4F5D-4F44-A590-43D541AD684E}.Release|x86.Build.0 = Release|Win32
	EndGlobalSection
	GlobalSection(SolutionProperties) = preSolution
		HideSolutionNode = FALSE
	EndGlobalSection
	GlobalSection(ExtensibilityGlobals) = postSolution
		SolutionGuid = {AF583E34-818C-4168-83ED-890A0D2EFA33}
	EndGlobalSection
EndGlobal
